
Microsoft Visual Studio Solution File, Format Version 12.00
# Visual Studio Version 17
VisualStudioVersion = 17.0.31903.59
MinimumVisualStudioVersion = 10.0.40219.1
Project("{FAE04EC0-301F-11D3-BF4B-00C04F79EFBC}") = "Contoso.Mail.Web", "Contoso.Mail.Web\Contoso.Mail.Web.csproj", "{9F7D7BA2-2C83-4A0C-9AF0-B2CC95488AD6}"
EndProject
Project("{FAE04EC0-301F-11D3-BF4B-00C04F79EFBC}") = "ServiceDefaults", "ServiceDefaults\ServiceDefaults.csproj", "{BA41E592-D4F3-4297-A9BB-0CB55300AF6B}"
EndProject
Project("{FAE04EC0-301F-11D3-BF4B-00C04F79EFBC}") = "AppHost", "AppHost\AppHost.csproj", "{AEC3650D-F2D5-4D7B-A944-440511B2C5FD}"
EndProject
Global
	GlobalSection(SolutionConfigurationPlatforms) = preSolution
		Debug|Any CPU = Debug|Any CPU
		Debug|x64 = Debug|x64
		Debug|x86 = Debug|x86
		Release|Any CPU = Release|Any CPU
		Release|x64 = Release|x64
		Release|x86 = Release|x86
	EndGlobalSection
	GlobalSection(ProjectConfigurationPlatforms) = postSolution
		{9F7D7BA2-2C83-4A0C-9AF0-B2CC95488AD6}.Debug|Any CPU.ActiveCfg = Debug|Any CPU
		{9F7D7BA2-2C83-4A0C-9AF0-B2CC95488AD6}.Debug|Any CPU.Build.0 = Debug|Any CPU
		{9F7D7BA2-2C83-4A0C-9AF0-B2CC95488AD6}.Debug|x64.ActiveCfg = Debug|Any CPU
		{9F7D7BA2-2C83-4A0C-9AF0-B2CC95488AD6}.Debug|x64.Build.0 = Debug|Any CPU
		{9F7D7BA2-2C83-4A0C-9AF0-B2CC95488AD6}.Debug|x86.ActiveCfg = Debug|Any CPU
		{9F7D7BA2-2C83-4A0C-9AF0-B2CC95488AD6}.Debug|x86.Build.0 = Debug|Any CPU
		{9F7D7BA2-2C83-4A0C-9AF0-B2CC95488AD6}.Release|Any CPU.ActiveCfg = Release|Any CPU
		{9F7D7BA2-2C83-4A0C-9AF0-B2CC95488AD6}.Release|Any CPU.Build.0 = Release|Any CPU
		{9F7D7BA2-2C83-4A0C-9AF0-B2CC95488AD6}.Release|x64.ActiveCfg = Release|Any CPU
		{9F7D7BA2-2C83-4A0C-9AF0-B2CC95488AD6}.Release|x64.Build.0 = Release|Any CPU
		{9F7D7BA2-2C83-4A0C-9AF0-B2CC95488AD6}.Release|x86.ActiveCfg = Release|Any CPU
		{9F7D7BA2-2C83-4A0C-9AF0-B2CC95488AD6}.Release|x86.Build.0 = Release|Any CPU
		{BA41E592-D4F3-4297-A9BB-0CB55300AF6B}.Debug|Any CPU.ActiveCfg = Debug|Any CPU
		{BA41E592-D4F3-4297-A9BB-0CB55300AF6B}.Debug|Any CPU.Build.0 = Debug|Any CPU
		{BA41E592-D4F3-4297-A9BB-0CB55300AF6B}.Debug|x64.ActiveCfg = Debug|Any CPU
		{BA41E592-D4F3-4297-A9BB-0CB55300AF6B}.Debug|x64.Build.0 = Debug|Any CPU
		{BA41E592-D4F3-4297-A9BB-0CB55300AF6B}.Debug|x86.ActiveCfg = Debug|Any CPU
		{BA41E592-D4F3-4297-A9BB-0CB55300AF6B}.Debug|x86.Build.0 = Debug|Any CPU
		{BA41E592-D4F3-4297-A9BB-0CB55300AF6B}.Release|Any CPU.ActiveCfg = Release|Any CPU
		{BA41E592-D4F3-4297-A9BB-0CB55300AF6B}.Release|Any CPU.Build.0 = Release|Any CPU
		{BA41E592-D4F3-4297-A9BB-0CB55300AF6B}.Release|x64.ActiveCfg = Release|Any CPU
		{BA41E592-D4F3-4297-A9BB-0CB55300AF6B}.Release|x64.Build.0 = Release|Any CPU
		{BA41E592-D4F3-4297-A9BB-0CB55300AF6B}.Release|x86.ActiveCfg = Release|Any CPU
		{BA41E592-D4F3-4297-A9BB-0CB55300AF6B}.Release|x86.Build.0 = Release|Any CPU
		{AEC3650D-F2D5-4D7B-A944-440511B2C5FD}.Debug|Any CPU.ActiveCfg = Debug|Any CPU
		{AEC3650D-F2D5-4D7B-A944-440511B2C5FD}.Debug|Any CPU.Build.0 = Debug|Any CPU
		{AEC3650D-F2D5-4D7B-A944-440511B2C5FD}.Debug|x64.ActiveCfg = Debug|Any CPU
		{AEC3650D-F2D5-4D7B-A944-440511B2C5FD}.Debug|x64.Build.0 = Debug|Any CPU
		{AEC3650D-F2D5-4D7B-A944-440511B2C5FD}.Debug|x86.ActiveCfg = Debug|Any CPU
		{AEC3650D-F2D5-4D7B-A944-440511B2C5FD}.Debug|x86.Build.0 = Debug|Any CPU
		{AEC3650D-F2D5-4D7B-A944-440511B2C5FD}.Release|Any CPU.ActiveCfg = Release|Any CPU
		{AEC3650D-F2D5-4D7B-A944-440511B2C5FD}.Release|Any CPU.Build.0 = Release|Any CPU
		{AEC3650D-F2D5-4D7B-A944-440511B2C5FD}.Release|x64.ActiveCfg = Release|Any CPU
		{AEC3650D-F2D5-4D7B-A944-440511B2C5FD}.Release|x64.Build.0 = Release|Any CPU
		{AEC3650D-F2D5-4D7B-A944-440511B2C5FD}.Release|x86.ActiveCfg = Release|Any CPU
		{AEC3650D-F2D5-4D7B-A944-440511B2C5FD}.Release|x86.Build.0 = Release|Any CPU
	EndGlobalSection
	GlobalSection(SolutionProperties) = preSolution
		HideSolutionNode = FALSE
	EndGlobalSection
	GlobalSection(ExtensibilityGlobals) = postSolution
		SolutionGuid = {9B30B599-3831-4DAE-90F5-436969270D06}
	EndGlobalSection
EndGlobal
